// !$*UTF8*$!
{
	archiveVersion = 1;
	classes = {
	};
	objectVersion = 50;
	objects = {

/* Begin PBXBuildFile section */
		BA06671C24FE7FDC0053D40E /* AppDelegate.m in Sources */ = {isa = PBXBuildFile; fileRef = BA06671B24FE7FDC0053D40E /* AppDelegate.m */; };
		BA06671F24FE7FDC0053D40E /* SceneDelegate.m in Sources */ = {isa = PBXBuildFile; fileRef = BA06671E24FE7FDC0053D40E /* SceneDelegate.m */; };
		BA06672224FE7FDC0053D40E /* ViewController.m in Sources */ = {isa = PBXBuildFile; fileRef = BA06672124FE7FDC0053D40E /* ViewController.m */; };
		BA06672524FE7FDC0053D40E /* Main.storyboard in Resources */ = {isa = PBXBuildFile; fileRef = BA06672324FE7FDC0053D40E /* Main.storyboard */; };
		BA06672724FE7FDF0053D40E /* Assets.xcassets in Resources */ = {isa = PBXBuildFile; fileRef = BA06672624FE7FDF0053D40E /* Assets.xcassets */; };
		BA06672A24FE7FDF0053D40E /* LaunchScreen.storyboard in Resources */ = {isa = PBXBuildFile; fileRef = BA06672824FE7FDF0053D40E /* LaunchScreen.storyboard */; };
		BA06672D24FE7FDF0053D40E /* main.m in Sources */ = {isa = PBXBuildFile; fileRef = BA06672C24FE7FDF0053D40E /* main.m */; };
		BA06673E24FE83D80053D40E /* MainView.m in Sources */ = {isa = PBXBuildFile; fileRef = BA06673D24FE83D80053D40E /* MainView.m */; };
		BA06674124FE85200053D40E /* Forecast.m in Sources */ = {isa = PBXBuildFile; fileRef = BA06674024FE85200053D40E /* Forecast.m */; };
		BA7DA56A24FF83F400BCC3B5 /* TableViewCell.m in Sources */ = {isa = PBXBuildFile; fileRef = BA7DA56924FF83F400BCC3B5 /* TableViewCell.m */; };
		BAB7659124FE9AE600E1B747 /* NetworkService.m in Sources */ = {isa = PBXBuildFile; fileRef = BAB7659024FE9AE600E1B747 /* NetworkService.m */; };
		BAB7659524FEA57F00E1B747 /* APIConstants.m in Sources */ = {isa = PBXBuildFile; fileRef = BAB7659424FEA57F00E1B747 /* APIConstants.m */; };
/* End PBXBuildFile section */

/* Begin PBXFileReference section */
		BA06671724FE7FDC0053D40E /* WeatherApp-ObjC.app */ = {isa = PBXFileReference; explicitFileType = wrapper.application; includeInIndex = 0; path = "WeatherApp-ObjC.app"; sourceTree = BUILT_PRODUCTS_DIR; };
		BA06671A24FE7FDC0053D40E /* AppDelegate.h */ = {isa = PBXFileReference; lastKnownFileType = sourcecode.c.h; path = AppDelegate.h; sourceTree = "<group>"; };
		BA06671B24FE7FDC0053D40E /* AppDelegate.m */ = {isa = PBXFileReference; lastKnownFileType = sourcecode.c.objc; path = AppDelegate.m; sourceTree = "<group>"; };
		BA06671D24FE7FDC0053D40E /* SceneDelegate.h */ = {isa = PBXFileReference; lastKnownFileType = sourcecode.c.h; path = SceneDelegate.h; sourceTree = "<group>"; };
		BA06671E24FE7FDC0053D40E /* SceneDelegate.m */ = {isa = PBXFileReference; lastKnownFileType = sourcecode.c.objc; path = SceneDelegate.m; sourceTree = "<group>"; };
		BA06672024FE7FDC0053D40E /* ViewController.h */ = {isa = PBXFileReference; lastKnownFileType = sourcecode.c.h; path = ViewController.h; sourceTree = "<group>"; };
		BA06672124FE7FDC0053D40E /* ViewController.m */ = {isa = PBXFileReference; lastKnownFileType = sourcecode.c.objc; path = ViewController.m; sourceTree = "<group>"; };
		BA06672424FE7FDC0053D40E /* Base */ = {isa = PBXFileReference; lastKnownFileType = file.storyboard; name = Base; path = Base.lproj/Main.storyboard; sourceTree = "<group>"; };
		BA06672624FE7FDF0053D40E /* Assets.xcassets */ = {isa = PBXFileReference; lastKnownFileType = folder.assetcatalog; path = Assets.xcassets; sourceTree = "<group>"; };
		BA06672924FE7FDF0053D40E /* Base */ = {isa = PBXFileReference; lastKnownFileType = file.storyboard; name = Base; path = Base.lproj/LaunchScreen.storyboard; sourceTree = "<group>"; };
		BA06672B24FE7FDF0053D40E /* Info.plist */ = {isa = PBXFileReference; lastKnownFileType = text.plist.xml; path = Info.plist; sourceTree = "<group>"; };
		BA06672C24FE7FDF0053D40E /* main.m */ = {isa = PBXFileReference; lastKnownFileType = sourcecode.c.objc; path = main.m; sourceTree = "<group>"; };
		BA06673C24FE83D80053D40E /* MainView.h */ = {isa = PBXFileReference; lastKnownFileType = sourcecode.c.h; path = MainView.h; sourceTree = "<group>"; };
		BA06673D24FE83D80053D40E /* MainView.m */ = {isa = PBXFileReference; lastKnownFileType = sourcecode.c.objc; path = MainView.m; sourceTree = "<group>"; };
		BA06673F24FE85200053D40E /* Forecast.h */ = {isa = PBXFileReference; lastKnownFileType = sourcecode.c.h; path = Forecast.h; sourceTree = "<group>"; };
		BA06674024FE85200053D40E /* Forecast.m */ = {isa = PBXFileReference; lastKnownFileType = sourcecode.c.objc; path = Forecast.m; sourceTree = "<group>"; };
		BA7DA56824FF83F400BCC3B5 /* TableViewCell.h */ = {isa = PBXFileReference; lastKnownFileType = sourcecode.c.h; path = TableViewCell.h; sourceTree = "<group>"; };
		BA7DA56924FF83F400BCC3B5 /* TableViewCell.m */ = {isa = PBXFileReference; lastKnownFileType = sourcecode.c.objc; path = TableViewCell.m; sourceTree = "<group>"; };
		BAB7658F24FE9AE600E1B747 /* NetworkService.h */ = {isa = PBXFileReference; lastKnownFileType = sourcecode.c.h; path = NetworkService.h; sourceTree = "<group>"; };
		BAB7659024FE9AE600E1B747 /* NetworkService.m */ = {isa = PBXFileReference; lastKnownFileType = sourcecode.c.objc; path = NetworkService.m; sourceTree = "<group>"; };
		BAB7659324FEA57F00E1B747 /* APIConstants.h */ = {isa = PBXFileReference; lastKnownFileType = sourcecode.c.h; path = APIConstants.h; sourceTree = "<group>"; };
		BAB7659424FEA57F00E1B747 /* APIConstants.m */ = {isa = PBXFileReference; lastKnownFileType = sourcecode.c.objc; path = APIConstants.m; sourceTree = "<group>"; };
/* End PBXFileReference section */

/* Begin PBXFrameworksBuildPhase section */
		BA06671424FE7FDC0053D40E /* Frameworks */ = {
			isa = PBXFrameworksBuildPhase;
			buildActionMask = 2147483647;
			files = (
			);
			runOnlyForDeploymentPostprocessing = 0;
		};
/* End PBXFrameworksBuildPhase section */

/* Begin PBXGroup section */
		BA06670E24FE7FDC0053D40E = {
			isa = PBXGroup;
			children = (
				BA06671924FE7FDC0053D40E /* WeatherApp-ObjC */,
				BA06671824FE7FDC0053D40E /* Products */,
			);
			sourceTree = "<group>";
		};
		BA06671824FE7FDC0053D40E /* Products */ = {
			isa = PBXGroup;
			children = (
				BA06671724FE7FDC0053D40E /* WeatherApp-ObjC.app */,
			);
			name = Products;
			sourceTree = "<group>";
		};
		BA06671924FE7FDC0053D40E /* WeatherApp-ObjC */ = {
			isa = PBXGroup;
			children = (
				BA06673424FE80150053D40E /* Model */,
				BA06673524FE801C0053D40E /* View */,
				BA06673624FE80200053D40E /* Controller */,
				BAB7659224FE9AEC00E1B747 /* Services */,
				BA06673324FE7FF40053D40E /* Supporting files */,
			);
			path = "WeatherApp-ObjC";
			sourceTree = "<group>";
		};
		BA06673324FE7FF40053D40E /* Supporting files */ = {
			isa = PBXGroup;
			children = (
				BA06672C24FE7FDF0053D40E /* main.m */,
				BA06671A24FE7FDC0053D40E /* AppDelegate.h */,
				BA06671B24FE7FDC0053D40E /* AppDelegate.m */,
				BA06671D24FE7FDC0053D40E /* SceneDelegate.h */,
				BA06671E24FE7FDC0053D40E /* SceneDelegate.m */,
				BA06672824FE7FDF0053D40E /* LaunchScreen.storyboard */,
				BA06672B24FE7FDF0053D40E /* Info.plist */,
				BA06672624FE7FDF0053D40E /* Assets.xcassets */,
			);
			path = "Supporting files";
			sourceTree = "<group>";
		};
		BA06673424FE80150053D40E /* Model */ = {
			isa = PBXGroup;
			children = (
				BA06673F24FE85200053D40E /* Forecast.h */,
				BA06674024FE85200053D40E /* Forecast.m */,
				BAB7659324FEA57F00E1B747 /* APIConstants.h */,
				BAB7659424FEA57F00E1B747 /* APIConstants.m */,
			);
			path = Model;
			sourceTree = "<group>";
		};
		BA06673524FE801C0053D40E /* View */ = {
			isa = PBXGroup;
			children = (
				BA06672324FE7FDC0053D40E /* Main.storyboard */,
				BA06673C24FE83D80053D40E /* MainView.h */,
				BA06673D24FE83D80053D40E /* MainView.m */,
				BA7DA56824FF83F400BCC3B5 /* TableViewCell.h */,
				BA7DA56924FF83F400BCC3B5 /* TableViewCell.m */,
			);
			path = View;
			sourceTree = "<group>";
		};
		BA06673624FE80200053D40E /* Controller */ = {
			isa = PBXGroup;
			children = (
				BA06672024FE7FDC0053D40E /* ViewController.h */,
				BA06672124FE7FDC0053D40E /* ViewController.m */,
			);
			path = Controller;
			sourceTree = "<group>";
		};
		BAB7659224FE9AEC00E1B747 /* Services */ = {
			isa = PBXGroup;
			children = (
				BAB7658F24FE9AE600E1B747 /* NetworkService.h */,
				BAB7659024FE9AE600E1B747 /* NetworkService.m */,
			);
			path = Services;
			sourceTree = "<group>";
		};
/* End PBXGroup section */

/* Begin PBXNativeTarget section */
		BA06671624FE7FDC0053D40E /* WeatherApp-ObjC */ = {
			isa = PBXNativeTarget;
			buildConfigurationList = BA06673024FE7FDF0053D40E /* Build configuration list for PBXNativeTarget "WeatherApp-ObjC" */;
			buildPhases = (
				BA06671324FE7FDC0053D40E /* Sources */,
				BA06671424FE7FDC0053D40E /* Frameworks */,
				BA06671524FE7FDC0053D40E /* Resources */,
			);
			buildRules = (
			);
			dependencies = (
			);
			name = "WeatherApp-ObjC";
			productName = "WeatherApp-ObjC";
			productReference = BA06671724FE7FDC0053D40E /* WeatherApp-ObjC.app */;
			productType = "com.apple.product-type.application";
		};
/* End PBXNativeTarget section */

/* Begin PBXProject section */
		BA06670F24FE7FDC0053D40E /* Project object */ = {
			isa = PBXProject;
			attributes = {
				LastUpgradeCheck = 1160;
				ORGANIZATIONNAME = Artemiy;
				TargetAttributes = {
					BA06671624FE7FDC0053D40E = {
						CreatedOnToolsVersion = 11.6;
					};
				};
			};
			buildConfigurationList = BA06671224FE7FDC0053D40E /* Build configuration list for PBXProject "WeatherApp-ObjC" */;
			compatibilityVersion = "Xcode 9.3";
			developmentRegion = en;
			hasScannedForEncodings = 0;
			knownRegions = (
				en,
				Base,
			);
			mainGroup = BA06670E24FE7FDC0053D40E;
			productRefGroup = BA06671824FE7FDC0053D40E /* Products */;
			projectDirPath = "";
			projectRoot = "";
			targets = (
				BA06671624FE7FDC0053D40E /* WeatherApp-ObjC */,
			);
		};
/* End PBXProject section */

/* Begin PBXResourcesBuildPhase section */
		BA06671524FE7FDC0053D40E /* Resources */ = {
			isa = PBXResourcesBuildPhase;
			buildActionMask = 2147483647;
			files = (
				BA06672A24FE7FDF0053D40E /* LaunchScreen.storyboard in Resources */,
				BA06672724FE7FDF0053D40E /* Assets.xcassets in Resources */,
				BA06672524FE7FDC0053D40E /* Main.storyboard in Resources */,
			);
			runOnlyForDeploymentPostprocessing = 0;
		};
/* End PBXResourcesBuildPhase section */

/* Begin PBXSourcesBuildPhase section */
		BA06671324FE7FDC0053D40E /* Sources */ = {
			isa = PBXSourcesBuildPhase;
			buildActionMask = 2147483647;
			files = (
				BAB7659524FEA57F00E1B747 /* APIConstants.m in Sources */,
				BA06674124FE85200053D40E /* Forecast.m in Sources */,
				BA06673E24FE83D80053D40E /* MainView.m in Sources */,
				BA06672224FE7FDC0053D40E /* ViewController.m in Sources */,
				BA7DA56A24FF83F400BCC3B5 /* TableViewCell.m in Sources */,
				BA06671C24FE7FDC0053D40E /* AppDelegate.m in Sources */,
				BA06672D24FE7FDF0053D40E /* main.m in Sources */,
				BAB7659124FE9AE600E1B747 /* NetworkService.m in Sources */,
				BA06671F24FE7FDC0053D40E /* SceneDelegate.m in Sources */,
			);
			runOnlyForDeploymentPostprocessing = 0;
		};
/* End PBXSourcesBuildPhase section */

/* Begin PBXVariantGroup section */
		BA06672324FE7FDC0053D40E /* Main.storyboard */ = {
			isa = PBXVariantGroup;
			children = (
				BA06672424FE7FDC0053D40E /* Base */,
			);
			name = Main.storyboard;
			sourceTree = "<group>";
		};
		BA06672824FE7FDF0053D40E /* LaunchScreen.storyboard */ = {
			isa = PBXVariantGroup;
			children = (
				BA06672924FE7FDF0053D40E /* Base */,
			);
			name = LaunchScreen.storyboard;
			sourceTree = "<group>";
		};
/* End PBXVariantGroup section */

/* Begin XCBuildConfiguration section */
		BA06672E24FE7FDF0053D40E /* Debug */ = {
			isa = XCBuildConfiguration;
			buildSettings = {
				ALWAYS_SEARCH_USER_PATHS = NO;
				CLANG_ANALYZER_NONNULL = YES;
				CLANG_ANALYZER_NUMBER_OBJECT_CONVERSION = YES_AGGRESSIVE;
				CLANG_CXX_LANGUAGE_STANDARD = "gnu++14";
				CLANG_CXX_LIBRARY = "libc++";
				CLANG_ENABLE_MODULES = YES;
				CLANG_ENABLE_OBJC_ARC = YES;
				CLANG_ENABLE_OBJC_WEAK = YES;
				CLANG_WARN_BLOCK_CAPTURE_AUTORELEASING = YES;
				CLANG_WARN_BOOL_CONVERSION = YES;
				CLANG_WARN_COMMA = YES;
				CLANG_WARN_CONSTANT_CONVERSION = YES;
				CLANG_WARN_DEPRECATED_OBJC_IMPLEMENTATIONS = YES;
				CLANG_WARN_DIRECT_OBJC_ISA_USAGE = YES_ERROR;
				CLANG_WARN_DOCUMENTATION_COMMENTS = YES;
				CLANG_WARN_EMPTY_BODY = YES;
				CLANG_WARN_ENUM_CONVERSION = YES;
				CLANG_WARN_INFINITE_RECURSION = YES;
				CLANG_WARN_INT_CONVERSION = YES;
				CLANG_WARN_NON_LITERAL_NULL_CONVERSION = YES;
				CLANG_WARN_OBJC_IMPLICIT_RETAIN_SELF = YES;
				CLANG_WARN_OBJC_LITERAL_CONVERSION = YES;
				CLANG_WARN_OBJC_ROOT_CLASS = YES_ERROR;
				CLANG_WARN_RANGE_LOOP_ANALYSIS = YES;
				CLANG_WARN_STRICT_PROTOTYPES = YES;
				CLANG_WARN_SUSPICIOUS_MOVE = YES;
				CLANG_WARN_UNGUARDED_AVAILABILITY = YES_AGGRESSIVE;
				CLANG_WARN_UNREACHABLE_CODE = YES;
				CLANG_WARN__DUPLICATE_METHOD_MATCH = YES;
				COPY_PHASE_STRIP = NO;
				DEBUG_INFORMATION_FORMAT = dwarf;
				ENABLE_STRICT_OBJC_MSGSEND = YES;
				ENABLE_TESTABILITY = YES;
				GCC_C_LANGUAGE_STANDARD = gnu11;
				GCC_DYNAMIC_NO_PIC = NO;
				GCC_NO_COMMON_BLOCKS = YES;
				GCC_OPTIMIZATION_LEVEL = 0;
				GCC_PREPROCESSOR_DEFINITIONS = (
					"DEBUG=1",
					"$(inherited)",
				);
				GCC_WARN_64_TO_32_BIT_CONVERSION = YES;
				GCC_WARN_ABOUT_RETURN_TYPE = YES_ERROR;
				GCC_WARN_UNDECLARED_SELECTOR = YES;
				GCC_WARN_UNINITIALIZED_AUTOS = YES_AGGRESSIVE;
				GCC_WARN_UNUSED_FUNCTION = YES;
				GCC_WARN_UNUSED_VARIABLE = YES;
				IPHONEOS_DEPLOYMENT_TARGET = 13.6;
				MTL_ENABLE_DEBUG_INFO = INCLUDE_SOURCE;
				MTL_FAST_MATH = YES;
				ONLY_ACTIVE_ARCH = YES;
				SDKROOT = iphoneos;
			};
			name = Debug;
		};
		BA06672F24FE7FDF0053D40E /* Release */ = {
			isa = XCBuildConfiguration;
			buildSettings = {
				ALWAYS_SEARCH_USER_PATHS = NO;
				CLANG_ANALYZER_NONNULL = YES;
				CLANG_ANALYZER_NUMBER_OBJECT_CONVERSION = YES_AGGRESSIVE;
				CLANG_CXX_LANGUAGE_STANDARD = "gnu++14";
				CLANG_CXX_LIBRARY = "libc++";
				CLANG_ENABLE_MODULES = YES;
				CLANG_ENABLE_OBJC_ARC = YES;
				CLANG_ENABLE_OBJC_WEAK = YES;
				CLANG_WARN_BLOCK_CAPTURE_AUTORELEASING = YES;
				CLANG_WARN_BOOL_CONVERSION = YES;
				CLANG_WARN_COMMA = YES;
				CLANG_WARN_CONSTANT_CONVERSION = YES;
				CLANG_WARN_DEPRECATED_OBJC_IMPLEMENTATIONS = YES;
				CLANG_WARN_DIRECT_OBJC_ISA_USAGE = YES_ERROR;
				CLANG_WARN_DOCUMENTATION_COMMENTS = YES;
				CLANG_WARN_EMPTY_BODY = YES;
				CLANG_WARN_ENUM_CONVERSION = YES;
				CLANG_WARN_INFINITE_RECURSION = YES;
				CLANG_WARN_INT_CONVERSION = YES;
				CLANG_WARN_NON_LITERAL_NULL_CONVERSION = YES;
				CLANG_WARN_OBJC_IMPLICIT_RETAIN_SELF = YES;
				CLANG_WARN_OBJC_LITERAL_CONVERSION = YES;
				CLANG_WARN_OBJC_ROOT_CLASS = YES_ERROR;
				CLANG_WARN_RANGE_LOOP_ANALYSIS = YES;
				CLANG_WARN_STRICT_PROTOTYPES = YES;
				CLANG_WARN_SUSPICIOUS_MOVE = YES;
				CLANG_WARN_UNGUARDED_AVAILABILITY = YES_AGGRESSIVE;
				CLANG_WARN_UNREACHABLE_CODE = YES;
				CLANG_WARN__DUPLICATE_METHOD_MATCH = YES;
				COPY_PHASE_STRIP = NO;
				DEBUG_INFORMATION_FORMAT = "dwarf-with-dsym";
				ENABLE_NS_ASSERTIONS = NO;
				ENABLE_STRICT_OBJC_MSGSEND = YES;
				GCC_C_LANGUAGE_STANDARD = gnu11;
				GCC_NO_COMMON_BLOCKS = YES;
				GCC_WARN_64_TO_32_BIT_CONVERSION = YES;
				GCC_WARN_ABOUT_RETURN_TYPE = YES_ERROR;
				GCC_WARN_UNDECLARED_SELECTOR = YES;
				GCC_WARN_UNINITIALIZED_AUTOS = YES_AGGRESSIVE;
				GCC_WARN_UNUSED_FUNCTION = YES;
				GCC_WARN_UNUSED_VARIABLE = YES;
				IPHONEOS_DEPLOYMENT_TARGET = 13.6;
				MTL_ENABLE_DEBUG_INFO = NO;
				MTL_FAST_MATH = YES;
				SDKROOT = iphoneos;
				VALIDATE_PRODUCT = YES;
			};
			name = Release;
		};
		BA06673124FE7FDF0053D40E /* Debug */ = {
			isa = XCBuildConfiguration;
			buildSettings = {
				ASSETCATALOG_COMPILER_APPICON_NAME = AppIcon;
				CODE_SIGN_STYLE = Automatic;
				DEVELOPMENT_TEAM = 7D9HCV7P57;
				INFOPLIST_FILE = "WeatherApp-ObjC/Supporting files/Info.plist";
				LD_RUNPATH_SEARCH_PATHS = (
					"$(inherited)",
					"@executable_path/Frameworks",
				);
				PRODUCT_BUNDLE_IDENTIFIER = "com.artemiy.WeatherApp-ObjC";
				PRODUCT_NAME = "$(TARGET_NAME)";
				TARGETED_DEVICE_FAMILY = "1,2";
			};
			name = Debug;
		};
		BA06673224FE7FDF0053D40E /* Release */ = {
			isa = XCBuildConfiguration;
			buildSettings = {
				ASSETCATALOG_COMPILER_APPICON_NAME = AppIcon;
				CODE_SIGN_STYLE = Automatic;
				DEVELOPMENT_TEAM = 7D9HCV7P57;
				INFOPLIST_FILE = "WeatherApp-ObjC/Supporting files/Info.plist";
				LD_RUNPATH_SEARCH_PATHS = (
					"$(inherited)",
					"@executable_path/Frameworks",
				);
				PRODUCT_BUNDLE_IDENTIFIER = "com.artemiy.WeatherApp-ObjC";
				PRODUCT_NAME = "$(TARGET_NAME)";
				TARGETED_DEVICE_FAMILY = "1,2";
			};
			name = Release;
		};
/* End XCBuildConfiguration section */

/* Begin XCConfigurationList section */
		BA06671224FE7FDC0053D40E /* Build configuration list for PBXProject "WeatherApp-ObjC" */ = {
			isa = XCConfigurationList;
			buildConfigurations = (
				BA06672E24FE7FDF0053D40E /* Debug */,
				BA06672F24FE7FDF0053D40E /* Release */,
			);
			defaultConfigurationIsVisible = 0;
			defaultConfigurationName = Release;
		};
		BA06673024FE7FDF0053D40E /* Build configuration list for PBXNativeTarget "WeatherApp-ObjC" */ = {
			isa = XCConfigurationList;
			buildConfigurations = (
				BA06673124FE7FDF0053D40E /* Debug */,
				BA06673224FE7FDF0053D40E /* Release */,
			);
			defaultConfigurationIsVisible = 0;
			defaultConfigurationName = Release;
		};
/* End XCConfigurationList section */
	};
	rootObject = BA06670F24FE7FDC0053D40E /* Project object */;
}
